// !$*UTF8*$!
{
	archiveVersion = 1;
	classes = {
	};
	objectVersion = 50;
	objects = {

/* Begin PBXBuildFile section */
		FE71528B25C1837F00B71E7C /* PlayerTableViewCell.swift in Sources */ = {isa = PBXBuildFile; fileRef = FE71528925C1837F00B71E7C /* PlayerTableViewCell.swift */; };
		FE71528C25C1838000B71E7C /* PlayerTableViewCell.xib in Resources */ = {isa = PBXBuildFile; fileRef = FE71528A25C1837F00B71E7C /* PlayerTableViewCell.xib */; };
		FE71528F25C19E2D00B71E7C /* PlayerInfoViewController.swift in Sources */ = {isa = PBXBuildFile; fileRef = FE71528E25C19E2D00B71E7C /* PlayerInfoViewController.swift */; };
		FE71529425C1A51E00B71E7C /* NoPlayerAvailableTableViewCell.xib in Resources */ = {isa = PBXBuildFile; fileRef = FE71529225C1A51E00B71E7C /* NoPlayerAvailableTableViewCell.xib */; };
		FE9FF17825C0578500B6694D /* TeamDetailTableViewCell.swift in Sources */ = {isa = PBXBuildFile; fileRef = FE9FF17625C0578500B6694D /* TeamDetailTableViewCell.swift */; };
		FE9FF17925C0578500B6694D /* TeamDetailTableViewCell.xib in Resources */ = {isa = PBXBuildFile; fileRef = FE9FF17725C0578500B6694D /* TeamDetailTableViewCell.xib */; };
		FEA0660125C04F2100727FD1 /* AppDelegate.swift in Sources */ = {isa = PBXBuildFile; fileRef = FEA0660025C04F2100727FD1 /* AppDelegate.swift */; };
		FEA0660325C04F2100727FD1 /* SceneDelegate.swift in Sources */ = {isa = PBXBuildFile; fileRef = FEA0660225C04F2100727FD1 /* SceneDelegate.swift */; };
		FEA0660525C04F2100727FD1 /* TeamsViewController.swift in Sources */ = {isa = PBXBuildFile; fileRef = FEA0660425C04F2100727FD1 /* TeamsViewController.swift */; };
		FEA0660825C04F2100727FD1 /* Main.storyboard in Resources */ = {isa = PBXBuildFile; fileRef = FEA0660625C04F2100727FD1 /* Main.storyboard */; };
		FEA0660A25C04F2400727FD1 /* Assets.xcassets in Resources */ = {isa = PBXBuildFile; fileRef = FEA0660925C04F2400727FD1 /* Assets.xcassets */; };
		FEA0660D25C04F2400727FD1 /* LaunchScreen.storyboard in Resources */ = {isa = PBXBuildFile; fileRef = FEA0660B25C04F2400727FD1 /* LaunchScreen.storyboard */; };
		FEA0661825C04FC500727FD1 /* EasyRequest.swift in Sources */ = {isa = PBXBuildFile; fileRef = FEA0661725C04FC500727FD1 /* EasyRequest.swift */; };
		FEA0661C25C0507E00727FD1 /* TeamModel.swift in Sources */ = {isa = PBXBuildFile; fileRef = FEA0661B25C0507E00727FD1 /* TeamModel.swift */; };
		FECBB1D925C066FA00739AD3 /* PlayersViewController.swift in Sources */ = {isa = PBXBuildFile; fileRef = FECBB1D825C066FA00739AD3 /* PlayersViewController.swift */; };
		FECBB1DC25C067A800739AD3 /* PlayerModel.swift in Sources */ = {isa = PBXBuildFile; fileRef = FECBB1DB25C067A800739AD3 /* PlayerModel.swift */; };
		FECBB1DF25C0682100739AD3 /* CompanionConstants.swift in Sources */ = {isa = PBXBuildFile; fileRef = FECBB1DE25C0682100739AD3 /* CompanionConstants.swift */; };
/* End PBXBuildFile section */

/* Begin PBXFileReference section */
		FE71528925C1837F00B71E7C /* PlayerTableViewCell.swift */ = {isa = PBXFileReference; lastKnownFileType = sourcecode.swift; path = PlayerTableViewCell.swift; sourceTree = "<group>"; };
		FE71528A25C1837F00B71E7C /* PlayerTableViewCell.xib */ = {isa = PBXFileReference; lastKnownFileType = file.xib; path = PlayerTableViewCell.xib; sourceTree = "<group>"; };
		FE71528E25C19E2D00B71E7C /* PlayerInfoViewController.swift */ = {isa = PBXFileReference; lastKnownFileType = sourcecode.swift; path = PlayerInfoViewController.swift; sourceTree = "<group>"; };
		FE71529225C1A51E00B71E7C /* NoPlayerAvailableTableViewCell.xib */ = {isa = PBXFileReference; lastKnownFileType = file.xib; path = NoPlayerAvailableTableViewCell.xib; sourceTree = "<group>"; };
		FE9FF17625C0578500B6694D /* TeamDetailTableViewCell.swift */ = {isa = PBXFileReference; lastKnownFileType = sourcecode.swift; path = TeamDetailTableViewCell.swift; sourceTree = "<group>"; };
		FE9FF17725C0578500B6694D /* TeamDetailTableViewCell.xib */ = {isa = PBXFileReference; lastKnownFileType = file.xib; path = TeamDetailTableViewCell.xib; sourceTree = "<group>"; };
		FEA065FD25C04F2100727FD1 /* NBAComapanion.app */ = {isa = PBXFileReference; explicitFileType = wrapper.application; includeInIndex = 0; path = NBAComapanion.app; sourceTree = BUILT_PRODUCTS_DIR; };
		FEA0660025C04F2100727FD1 /* AppDelegate.swift */ = {isa = PBXFileReference; lastKnownFileType = sourcecode.swift; path = AppDelegate.swift; sourceTree = "<group>"; };
		FEA0660225C04F2100727FD1 /* SceneDelegate.swift */ = {isa = PBXFileReference; lastKnownFileType = sourcecode.swift; path = SceneDelegate.swift; sourceTree = "<group>"; };
		FEA0660425C04F2100727FD1 /* TeamsViewController.swift */ = {isa = PBXFileReference; lastKnownFileType = sourcecode.swift; path = TeamsViewController.swift; sourceTree = "<group>"; };
		FEA0660725C04F2100727FD1 /* Base */ = {isa = PBXFileReference; lastKnownFileType = file.storyboard; name = Base; path = Base.lproj/Main.storyboard; sourceTree = "<group>"; };
		FEA0660925C04F2400727FD1 /* Assets.xcassets */ = {isa = PBXFileReference; lastKnownFileType = folder.assetcatalog; path = Assets.xcassets; sourceTree = "<group>"; };
		FEA0660C25C04F2400727FD1 /* Base */ = {isa = PBXFileReference; lastKnownFileType = file.storyboard; name = Base; path = Base.lproj/LaunchScreen.storyboard; sourceTree = "<group>"; };
		FEA0660E25C04F2400727FD1 /* Info.plist */ = {isa = PBXFileReference; lastKnownFileType = text.plist.xml; path = Info.plist; sourceTree = "<group>"; };
		FEA0661725C04FC500727FD1 /* EasyRequest.swift */ = {isa = PBXFileReference; fileEncoding = 4; lastKnownFileType = sourcecode.swift; path = EasyRequest.swift; sourceTree = "<group>"; };
		FEA0661B25C0507E00727FD1 /* TeamModel.swift */ = {isa = PBXFileReference; fileEncoding = 4; lastKnownFileType = sourcecode.swift; path = TeamModel.swift; sourceTree = "<group>"; };
		FECBB1D825C066FA00739AD3 /* PlayersViewController.swift */ = {isa = PBXFileReference; lastKnownFileType = sourcecode.swift; path = PlayersViewController.swift; sourceTree = "<group>"; };
		FECBB1DB25C067A800739AD3 /* PlayerModel.swift */ = {isa = PBXFileReference; lastKnownFileType = sourcecode.swift; path = PlayerModel.swift; sourceTree = "<group>"; };
		FECBB1DE25C0682100739AD3 /* CompanionConstants.swift */ = {isa = PBXFileReference; lastKnownFileType = sourcecode.swift; path = CompanionConstants.swift; sourceTree = "<group>"; };
/* End PBXFileReference section */

/* Begin PBXFrameworksBuildPhase section */
		FEA065FA25C04F2100727FD1 /* Frameworks */ = {
			isa = PBXFrameworksBuildPhase;
			buildActionMask = 2147483647;
			files = (
			);
			runOnlyForDeploymentPostprocessing = 0;
		};
/* End PBXFrameworksBuildPhase section */

/* Begin PBXGroup section */
		FE71529625C1A52D00B71E7C /* PlayerCell */ = {
			isa = PBXGroup;
			children = (
				FE71528925C1837F00B71E7C /* PlayerTableViewCell.swift */,
				FE71528A25C1837F00B71E7C /* PlayerTableViewCell.xib */,
				FE71529225C1A51E00B71E7C /* NoPlayerAvailableTableViewCell.xib */,
			);
			path = PlayerCell;
			sourceTree = "<group>";
		};
		FE71529825C1AC1400B71E7C /* TeamCell */ = {
			isa = PBXGroup;
			children = (
				FE9FF17725C0578500B6694D /* TeamDetailTableViewCell.xib */,
				FE9FF17625C0578500B6694D /* TeamDetailTableViewCell.swift */,
			);
			path = TeamCell;
			sourceTree = "<group>";
		};
		FEA065F425C04F2100727FD1 = {
			isa = PBXGroup;
			children = (
				FEA065FF25C04F2100727FD1 /* NBAComapanion */,
				FEA065FE25C04F2100727FD1 /* Products */,
			);
			sourceTree = "<group>";
		};
		FEA065FE25C04F2100727FD1 /* Products */ = {
			isa = PBXGroup;
			children = (
				FEA065FD25C04F2100727FD1 /* NBAComapanion.app */,
			);
			name = Products;
			sourceTree = "<group>";
		};
		FEA065FF25C04F2100727FD1 /* NBAComapanion */ = {
			isa = PBXGroup;
			children = (
				FEA0661525C04F2C00727FD1 /* Utils */,
				FEA0661A25C0506300727FD1 /* Models */,
				FEA0661F25C0548B00727FD1 /* Teams */,
				FECBB1D625C064AB00739AD3 /* Players */,
				FEA0660025C04F2100727FD1 /* AppDelegate.swift */,
				FEA0660225C04F2100727FD1 /* SceneDelegate.swift */,
				FEA0660625C04F2100727FD1 /* Main.storyboard */,
				FEA0660925C04F2400727FD1 /* Assets.xcassets */,
				FEA0660B25C04F2400727FD1 /* LaunchScreen.storyboard */,
				FEA0660E25C04F2400727FD1 /* Info.plist */,
			);
			path = NBAComapanion;
			sourceTree = "<group>";
		};
		FEA0661525C04F2C00727FD1 /* Utils */ = {
			isa = PBXGroup;
			children = (
				FEA0661725C04FC500727FD1 /* EasyRequest.swift */,
				FECBB1DE25C0682100739AD3 /* CompanionConstants.swift */,
			);
			path = Utils;
			sourceTree = "<group>";
		};
		FEA0661A25C0506300727FD1 /* Models */ = {
			isa = PBXGroup;
			children = (
				FEA0661B25C0507E00727FD1 /* TeamModel.swift */,
				FECBB1DB25C067A800739AD3 /* PlayerModel.swift */,
			);
			path = Models;
			sourceTree = "<group>";
		};
		FEA0661F25C0548B00727FD1 /* Teams */ = {
			isa = PBXGroup;
			children = (
				FE71529825C1AC1400B71E7C /* TeamCell */,
				FEA0660425C04F2100727FD1 /* TeamsViewController.swift */,
			);
			path = Teams;
			sourceTree = "<group>";
		};
		FECBB1D625C064AB00739AD3 /* Players */ = {
			isa = PBXGroup;
			children = (
				FE71529625C1A52D00B71E7C /* PlayerCell */,
				FECBB1D825C066FA00739AD3 /* PlayersViewController.swift */,
				FE71528E25C19E2D00B71E7C /* PlayerInfoViewController.swift */,
			);
			path = Players;
			sourceTree = "<group>";
		};
/* End PBXGroup section */

/* Begin PBXNativeTarget section */
		FEA065FC25C04F2100727FD1 /* NBAComapanion */ = {
			isa = PBXNativeTarget;
			buildConfigurationList = FEA0661125C04F2400727FD1 /* Build configuration list for PBXNativeTarget "NBAComapanion" */;
			buildPhases = (
				FEA065F925C04F2100727FD1 /* Sources */,
				FEA065FA25C04F2100727FD1 /* Frameworks */,
				FEA065FB25C04F2100727FD1 /* Resources */,
			);
			buildRules = (
			);
			dependencies = (
			);
			name = NBAComapanion;
			productName = NBAComapanion;
			productReference = FEA065FD25C04F2100727FD1 /* NBAComapanion.app */;
			productType = "com.apple.product-type.application";
		};
/* End PBXNativeTarget section */

/* Begin PBXProject section */
		FEA065F525C04F2100727FD1 /* Project object */ = {
			isa = PBXProject;
			attributes = {
				LastSwiftUpdateCheck = 1230;
				LastUpgradeCheck = 1230;
				TargetAttributes = {
					FEA065FC25C04F2100727FD1 = {
						CreatedOnToolsVersion = 12.3;
					};
				};
			};
			buildConfigurationList = FEA065F825C04F2100727FD1 /* Build configuration list for PBXProject "NBAComapanion" */;
			compatibilityVersion = "Xcode 9.3";
			developmentRegion = en;
			hasScannedForEncodings = 0;
			knownRegions = (
				en,
				Base,
			);
			mainGroup = FEA065F425C04F2100727FD1;
			productRefGroup = FEA065FE25C04F2100727FD1 /* Products */;
			projectDirPath = "";
			projectRoot = "";
			targets = (
				FEA065FC25C04F2100727FD1 /* NBAComapanion */,
			);
		};
/* End PBXProject section */

/* Begin PBXResourcesBuildPhase section */
		FEA065FB25C04F2100727FD1 /* Resources */ = {
			isa = PBXResourcesBuildPhase;
			buildActionMask = 2147483647;
			files = (
				FEA0660D25C04F2400727FD1 /* LaunchScreen.storyboard in Resources */,
				FE9FF17925C0578500B6694D /* TeamDetailTableViewCell.xib in Resources */,
				FE71528C25C1838000B71E7C /* PlayerTableViewCell.xib in Resources */,
				FEA0660A25C04F2400727FD1 /* Assets.xcassets in Resources */,
				FEA0660825C04F2100727FD1 /* Main.storyboard in Resources */,
				FE71529425C1A51E00B71E7C /* NoPlayerAvailableTableViewCell.xib in Resources */,
			);
			runOnlyForDeploymentPostprocessing = 0;
		};
/* End PBXResourcesBuildPhase section */

/* Begin PBXSourcesBuildPhase section */
		FEA065F925C04F2100727FD1 /* Sources */ = {
			isa = PBXSourcesBuildPhase;
			buildActionMask = 2147483647;
			files = (
				FEA0660525C04F2100727FD1 /* TeamsViewController.swift in Sources */,
				FECBB1D925C066FA00739AD3 /* PlayersViewController.swift in Sources */,
				FE71528B25C1837F00B71E7C /* PlayerTableViewCell.swift in Sources */,
				FECBB1DC25C067A800739AD3 /* PlayerModel.swift in Sources */,
				FEA0661C25C0507E00727FD1 /* TeamModel.swift in Sources */,
				FEA0660125C04F2100727FD1 /* AppDelegate.swift in Sources */,
				FECBB1DF25C0682100739AD3 /* CompanionConstants.swift in Sources */,
				FEA0660325C04F2100727FD1 /* SceneDelegate.swift in Sources */,
				FEA0661825C04FC500727FD1 /* EasyRequest.swift in Sources */,
				FE9FF17825C0578500B6694D /* TeamDetailTableViewCell.swift in Sources */,
				FE71528F25C19E2D00B71E7C /* PlayerInfoViewController.swift in Sources */,
			);
			runOnlyForDeploymentPostprocessing = 0;
		};
/* End PBXSourcesBuildPhase section */

/* Begin PBXVariantGroup section */
		FEA0660625C04F2100727FD1 /* Main.storyboard */ = {
			isa = PBXVariantGroup;
			children = (
				FEA0660725C04F2100727FD1 /* Base */,
			);
			name = Main.storyboard;
			sourceTree = "<group>";
		};
		FEA0660B25C04F2400727FD1 /* LaunchScreen.storyboard */ = {
			isa = PBXVariantGroup;
			children = (
				FEA0660C25C04F2400727FD1 /* Base */,
			);
			name = LaunchScreen.storyboard;
			sourceTree = "<group>";
		};
/* End PBXVariantGroup section */

/* Begin XCBuildConfiguration section */
		FEA0660F25C04F2400727FD1 /* Debug */ = {
			isa = XCBuildConfiguration;
			buildSettings = {
				ALWAYS_SEARCH_USER_PATHS = NO;
				CLANG_ANALYZER_NONNULL = YES;
				CLANG_ANALYZER_NUMBER_OBJECT_CONVERSION = YES_AGGRESSIVE;
				CLANG_CXX_LANGUAGE_STANDARD = "gnu++14";
				CLANG_CXX_LIBRARY = "libc++";
				CLANG_ENABLE_MODULES = YES;
				CLANG_ENABLE_OBJC_ARC = YES;
				CLANG_ENABLE_OBJC_WEAK = YES;
				CLANG_WARN_BLOCK_CAPTURE_AUTORELEASING = YES;
				CLANG_WARN_BOOL_CONVERSION = YES;
				CLANG_WARN_COMMA = YES;
				CLANG_WARN_CONSTANT_CONVERSION = YES;
				CLANG_WARN_DEPRECATED_OBJC_IMPLEMENTATIONS = YES;
				CLANG_WARN_DIRECT_OBJC_ISA_USAGE = YES_ERROR;
				CLANG_WARN_DOCUMENTATION_COMMENTS = YES;
				CLANG_WARN_EMPTY_BODY = YES;
				CLANG_WARN_ENUM_CONVERSION = YES;
				CLANG_WARN_INFINITE_RECURSION = YES;
				CLANG_WARN_INT_CONVERSION = YES;
				CLANG_WARN_NON_LITERAL_NULL_CONVERSION = YES;
				CLANG_WARN_OBJC_IMPLICIT_RETAIN_SELF = YES;
				CLANG_WARN_OBJC_LITERAL_CONVERSION = YES;
				CLANG_WARN_OBJC_ROOT_CLASS = YES_ERROR;
				CLANG_WARN_QUOTED_INCLUDE_IN_FRAMEWORK_HEADER = YES;
				CLANG_WARN_RANGE_LOOP_ANALYSIS = YES;
				CLANG_WARN_STRICT_PROTOTYPES = YES;
				CLANG_WARN_SUSPICIOUS_MOVE = YES;
				CLANG_WARN_UNGUARDED_AVAILABILITY = YES_AGGRESSIVE;
				CLANG_WARN_UNREACHABLE_CODE = YES;
				CLANG_WARN__DUPLICATE_METHOD_MATCH = YES;
				COPY_PHASE_STRIP = NO;
				DEBUG_INFORMATION_FORMAT = dwarf;
				ENABLE_STRICT_OBJC_MSGSEND = YES;
				ENABLE_TESTABILITY = YES;
				GCC_C_LANGUAGE_STANDARD = gnu11;
				GCC_DYNAMIC_NO_PIC = NO;
				GCC_NO_COMMON_BLOCKS = YES;
				GCC_OPTIMIZATION_LEVEL = 0;
				GCC_PREPROCESSOR_DEFINITIONS = (
					"DEBUG=1",
					"$(inherited)",
				);
				GCC_WARN_64_TO_32_BIT_CONVERSION = YES;
				GCC_WARN_ABOUT_RETURN_TYPE = YES_ERROR;
				GCC_WARN_UNDECLARED_SELECTOR = YES;
				GCC_WARN_UNINITIALIZED_AUTOS = YES_AGGRESSIVE;
				GCC_WARN_UNUSED_FUNCTION = YES;
				GCC_WARN_UNUSED_VARIABLE = YES;
				IPHONEOS_DEPLOYMENT_TARGET = 14.3;
				MTL_ENABLE_DEBUG_INFO = INCLUDE_SOURCE;
				MTL_FAST_MATH = YES;
				ONLY_ACTIVE_ARCH = YES;
				SDKROOT = iphoneos;
				SWIFT_ACTIVE_COMPILATION_CONDITIONS = DEBUG;
				SWIFT_OPTIMIZATION_LEVEL = "-Onone";
			};
			name = Debug;
		};
		FEA0661025C04F2400727FD1 /* Release */ = {
			isa = XCBuildConfiguration;
			buildSettings = {
				ALWAYS_SEARCH_USER_PATHS = NO;
				CLANG_ANALYZER_NONNULL = YES;
				CLANG_ANALYZER_NUMBER_OBJECT_CONVERSION = YES_AGGRESSIVE;
				CLANG_CXX_LANGUAGE_STANDARD = "gnu++14";
				CLANG_CXX_LIBRARY = "libc++";
				CLANG_ENABLE_MODULES = YES;
				CLANG_ENABLE_OBJC_ARC = YES;
				CLANG_ENABLE_OBJC_WEAK = YES;
				CLANG_WARN_BLOCK_CAPTURE_AUTORELEASING = YES;
				CLANG_WARN_BOOL_CONVERSION = YES;
				CLANG_WARN_COMMA = YES;
				CLANG_WARN_CONSTANT_CONVERSION = YES;
				CLANG_WARN_DEPRECATED_OBJC_IMPLEMENTATIONS = YES;
				CLANG_WARN_DIRECT_OBJC_ISA_USAGE = YES_ERROR;
				CLANG_WARN_DOCUMENTATION_COMMENTS = YES;
				CLANG_WARN_EMPTY_BODY = YES;
				CLANG_WARN_ENUM_CONVERSION = YES;
				CLANG_WARN_INFINITE_RECURSION = YES;
				CLANG_WARN_INT_CONVERSION = YES;
				CLANG_WARN_NON_LITERAL_NULL_CONVERSION = YES;
				CLANG_WARN_OBJC_IMPLICIT_RETAIN_SELF = YES;
				CLANG_WARN_OBJC_LITERAL_CONVERSION = YES;
				CLANG_WARN_OBJC_ROOT_CLASS = YES_ERROR;
				CLANG_WARN_QUOTED_INCLUDE_IN_FRAMEWORK_HEADER = YES;
				CLANG_WARN_RANGE_LOOP_ANALYSIS = YES;
				CLANG_WARN_STRICT_PROTOTYPES = YES;
				CLANG_WARN_SUSPICIOUS_MOVE = YES;
				CLANG_WARN_UNGUARDED_AVAILABILITY = YES_AGGRESSIVE;
				CLANG_WARN_UNREACHABLE_CODE = YES;
				CLANG_WARN__DUPLICATE_METHOD_MATCH = YES;
				COPY_PHASE_STRIP = NO;
				DEBUG_INFORMATION_FORMAT = "dwarf-with-dsym";
				ENABLE_NS_ASSERTIONS = NO;
				ENABLE_STRICT_OBJC_MSGSEND = YES;
				GCC_C_LANGUAGE_STANDARD = gnu11;
				GCC_NO_COMMON_BLOCKS = YES;
				GCC_WARN_64_TO_32_BIT_CONVERSION = YES;
				GCC_WARN_ABOUT_RETURN_TYPE = YES_ERROR;
				GCC_WARN_UNDECLARED_SELECTOR = YES;
				GCC_WARN_UNINITIALIZED_AUTOS = YES_AGGRESSIVE;
				GCC_WARN_UNUSED_FUNCTION = YES;
				GCC_WARN_UNUSED_VARIABLE = YES;
				IPHONEOS_DEPLOYMENT_TARGET = 14.3;
				MTL_ENABLE_DEBUG_INFO = NO;
				MTL_FAST_MATH = YES;
				SDKROOT = iphoneos;
				SWIFT_COMPILATION_MODE = wholemodule;
				SWIFT_OPTIMIZATION_LEVEL = "-O";
				VALIDATE_PRODUCT = YES;
			};
			name = Release;
		};
		FEA0661225C04F2400727FD1 /* Debug */ = {
			isa = XCBuildConfiguration;
			buildSettings = {
				ASSETCATALOG_COMPILER_APPICON_NAME = AppIcon;
				ASSETCATALOG_COMPILER_GLOBAL_ACCENT_COLOR_NAME = AccentColor;
				CODE_SIGN_STYLE = Automatic;
				DEVELOPMENT_TEAM = VGCL42Z7F3;
				INFOPLIST_FILE = NBAComapanion/Info.plist;
				LD_RUNPATH_SEARCH_PATHS = (
					"$(inherited)",
					"@executable_path/Frameworks",
				);
				PRODUCT_BUNDLE_IDENTIFIER = "jacopo-trucci.NBAComapanion";
				PRODUCT_NAME = "$(TARGET_NAME)";
				SWIFT_VERSION = 5.0;
				TARGETED_DEVICE_FAMILY = "1,2";
			};
			name = Debug;
		};
		FEA0661325C04F2400727FD1 /* Release */ = {
			isa = XCBuildConfiguration;
			buildSettings = {
				ASSETCATALOG_COMPILER_APPICON_NAME = AppIcon;
				ASSETCATALOG_COMPILER_GLOBAL_ACCENT_COLOR_NAME = AccentColor;
				CODE_SIGN_STYLE = Automatic;
				DEVELOPMENT_TEAM = VGCL42Z7F3;
				INFOPLIST_FILE = NBAComapanion/Info.plist;
				LD_RUNPATH_SEARCH_PATHS = (
					"$(inherited)",
					"@executable_path/Frameworks",
				);
				PRODUCT_BUNDLE_IDENTIFIER = "jacopo-trucci.NBAComapanion";
				PRODUCT_NAME = "$(TARGET_NAME)";
				SWIFT_VERSION = 5.0;
				TARGETED_DEVICE_FAMILY = "1,2";
			};
			name = Release;
		};
/* End XCBuildConfiguration section */

/* Begin XCConfigurationList section */
		FEA065F825C04F2100727FD1 /* Build configuration list for PBXProject "NBAComapanion" */ = {
			isa = XCConfigurationList;
			buildConfigurations = (
				FEA0660F25C04F2400727FD1 /* Debug */,
				FEA0661025C04F2400727FD1 /* Release */,
			);
			defaultConfigurationIsVisible = 0;
			defaultConfigurationName = Release;
		};
		FEA0661125C04F2400727FD1 /* Build configuration list for PBXNativeTarget "NBAComapanion" */ = {
			isa = XCConfigurationList;
			buildConfigurations = (
				FEA0661225C04F2400727FD1 /* Debug */,
				FEA0661325C04F2400727FD1 /* Release */,
			);
			defaultConfigurationIsVisible = 0;
			defaultConfigurationName = Release;
		};
/* End XCConfigurationList section */
	};
	rootObject = FEA065F525C04F2100727FD1 /* Project object */;
}
